// !$*UTF8*$!
{
	archiveVersion = 1;
	classes = {
	};
	objectVersion = 50;
	objects = {

/* Begin PBXBuildFile section */
		EDEB49D12421FD9600C9A868 /* AppDelegate.swift in Sources */ = {isa = PBXBuildFile; fileRef = EDEB49D02421FD9600C9A868 /* AppDelegate.swift */; };
		EDEB49D52421FD9600C9A868 /* ViewController.swift in Sources */ = {isa = PBXBuildFile; fileRef = EDEB49D42421FD9600C9A868 /* ViewController.swift */; };
		EDEB49D82421FD9600C9A868 /* Main.storyboard in Resources */ = {isa = PBXBuildFile; fileRef = EDEB49D62421FD9600C9A868 /* Main.storyboard */; };
		EDEB49DA2421FD9800C9A868 /* Assets.xcassets in Resources */ = {isa = PBXBuildFile; fileRef = EDEB49D92421FD9800C9A868 /* Assets.xcassets */; };
		EDEB49DD2421FD9800C9A868 /* LaunchScreen.storyboard in Resources */ = {isa = PBXBuildFile; fileRef = EDEB49DB2421FD9800C9A868 /* LaunchScreen.storyboard */; };
		EDEB49E82421FD9800C9A868 /* CalculatorTests.swift in Sources */ = {isa = PBXBuildFile; fileRef = EDEB49E72421FD9800C9A868 /* CalculatorTests.swift */; };
		EDEB49F32422358F00C9A868 /* UIView+Helper.swift in Sources */ = {isa = PBXBuildFile; fileRef = EDEB49F22422358F00C9A868 /* UIView+Helper.swift */; };
		EDEB49F62422393F00C9A868 /* Calculator.swift in Sources */ = {isa = PBXBuildFile; fileRef = EDEB49F52422393F00C9A868 /* Calculator.swift */; };
		EDEB4A012422FD2F00C9A868 /* ObjcException.m in Sources */ = {isa = PBXBuildFile; fileRef = EDEB4A002422FD2F00C9A868 /* ObjcException.m */; };
		EDEB4A04242353FC00C9A868 /* EditableLabel.swift in Sources */ = {isa = PBXBuildFile; fileRef = EDEB4A03242353FC00C9A868 /* EditableLabel.swift */; };
/* End PBXBuildFile section */

/* Begin PBXContainerItemProxy section */
		EDEB49E42421FD9800C9A868 /* PBXContainerItemProxy */ = {
			isa = PBXContainerItemProxy;
			containerPortal = EDEB49C52421FD9600C9A868 /* Project object */;
			proxyType = 1;
			remoteGlobalIDString = EDEB49CC2421FD9600C9A868;
			remoteInfo = Calculator;
		};
/* End PBXContainerItemProxy section */

/* Begin PBXFileReference section */
		EDEB49CD2421FD9600C9A868 /* Calculator.app */ = {isa = PBXFileReference; explicitFileType = wrapper.application; includeInIndex = 0; path = Calculator.app; sourceTree = BUILT_PRODUCTS_DIR; };
		EDEB49D02421FD9600C9A868 /* AppDelegate.swift */ = {isa = PBXFileReference; lastKnownFileType = sourcecode.swift; path = AppDelegate.swift; sourceTree = "<group>"; };
		EDEB49D42421FD9600C9A868 /* ViewController.swift */ = {isa = PBXFileReference; lastKnownFileType = sourcecode.swift; path = ViewController.swift; sourceTree = "<group>"; };
		EDEB49D72421FD9600C9A868 /* Base */ = {isa = PBXFileReference; lastKnownFileType = file.storyboard; name = Base; path = Base.lproj/Main.storyboard; sourceTree = "<group>"; };
		EDEB49D92421FD9800C9A868 /* Assets.xcassets */ = {isa = PBXFileReference; lastKnownFileType = folder.assetcatalog; path = Assets.xcassets; sourceTree = "<group>"; };
		EDEB49DC2421FD9800C9A868 /* Base */ = {isa = PBXFileReference; lastKnownFileType = file.storyboard; name = Base; path = Base.lproj/LaunchScreen.storyboard; sourceTree = "<group>"; };
		EDEB49DE2421FD9800C9A868 /* Info.plist */ = {isa = PBXFileReference; lastKnownFileType = text.plist.xml; path = Info.plist; sourceTree = "<group>"; };
		EDEB49E32421FD9800C9A868 /* CalculatorTests.xctest */ = {isa = PBXFileReference; explicitFileType = wrapper.cfbundle; includeInIndex = 0; path = CalculatorTests.xctest; sourceTree = BUILT_PRODUCTS_DIR; };
		EDEB49E72421FD9800C9A868 /* CalculatorTests.swift */ = {isa = PBXFileReference; lastKnownFileType = sourcecode.swift; path = CalculatorTests.swift; sourceTree = "<group>"; };
		EDEB49E92421FD9800C9A868 /* Info.plist */ = {isa = PBXFileReference; lastKnownFileType = text.plist.xml; path = Info.plist; sourceTree = "<group>"; };
		EDEB49F22422358F00C9A868 /* UIView+Helper.swift */ = {isa = PBXFileReference; lastKnownFileType = sourcecode.swift; path = "UIView+Helper.swift"; sourceTree = "<group>"; };
		EDEB49F52422393F00C9A868 /* Calculator.swift */ = {isa = PBXFileReference; lastKnownFileType = sourcecode.swift; path = Calculator.swift; sourceTree = "<group>"; };
		EDEB49FE2422FD2F00C9A868 /* Calculator-Bridging-Header.h */ = {isa = PBXFileReference; lastKnownFileType = sourcecode.c.h; path = "Calculator-Bridging-Header.h"; sourceTree = "<group>"; };
		EDEB49FF2422FD2F00C9A868 /* ObjcException.h */ = {isa = PBXFileReference; lastKnownFileType = sourcecode.c.h; path = ObjcException.h; sourceTree = "<group>"; };
		EDEB4A002422FD2F00C9A868 /* ObjcException.m */ = {isa = PBXFileReference; lastKnownFileType = sourcecode.c.objc; path = ObjcException.m; sourceTree = "<group>"; };
		EDEB4A03242353FC00C9A868 /* EditableLabel.swift */ = {isa = PBXFileReference; lastKnownFileType = sourcecode.swift; path = EditableLabel.swift; sourceTree = "<group>"; };
/* End PBXFileReference section */

/* Begin PBXFrameworksBuildPhase section */
		EDEB49CA2421FD9600C9A868 /* Frameworks */ = {
			isa = PBXFrameworksBuildPhase;
			buildActionMask = 2147483647;
			files = (
			);
			runOnlyForDeploymentPostprocessing = 0;
		};
		EDEB49E02421FD9800C9A868 /* Frameworks */ = {
			isa = PBXFrameworksBuildPhase;
			buildActionMask = 2147483647;
			files = (
			);
			runOnlyForDeploymentPostprocessing = 0;
		};
/* End PBXFrameworksBuildPhase section */

/* Begin PBXGroup section */
		EDEB49C42421FD9600C9A868 = {
			isa = PBXGroup;
			children = (
				EDEB49CF2421FD9600C9A868 /* Calculator */,
				EDEB49E62421FD9800C9A868 /* CalculatorTests */,
				EDEB49CE2421FD9600C9A868 /* Products */,
			);
			sourceTree = "<group>";
		};
		EDEB49CE2421FD9600C9A868 /* Products */ = {
			isa = PBXGroup;
			children = (
				EDEB49CD2421FD9600C9A868 /* Calculator.app */,
				EDEB49E32421FD9800C9A868 /* CalculatorTests.xctest */,
			);
			name = Products;
			sourceTree = "<group>";
		};
		EDEB49CF2421FD9600C9A868 /* Calculator */ = {
			isa = PBXGroup;
			children = (
				EDEB4A02242353CC00C9A868 /* View */,
				EDEB49F42422393000C9A868 /* Model */,
				EDEB49D02421FD9600C9A868 /* AppDelegate.swift */,
				EDEB49D62421FD9600C9A868 /* Main.storyboard */,
				EDEB49D92421FD9800C9A868 /* Assets.xcassets */,
				EDEB49DB2421FD9800C9A868 /* LaunchScreen.storyboard */,
				EDEB49DE2421FD9800C9A868 /* Info.plist */,
			);
			path = Calculator;
			sourceTree = "<group>";
		};
		EDEB49E62421FD9800C9A868 /* CalculatorTests */ = {
			isa = PBXGroup;
			children = (
				EDEB49E72421FD9800C9A868 /* CalculatorTests.swift */,
				EDEB49E92421FD9800C9A868 /* Info.plist */,
			);
			path = CalculatorTests;
			sourceTree = "<group>";
		};
		EDEB49F42422393000C9A868 /* Model */ = {
			isa = PBXGroup;
			children = (
				EDEB49F52422393F00C9A868 /* Calculator.swift */,
				EDEB49FF2422FD2F00C9A868 /* ObjcException.h */,
				EDEB4A002422FD2F00C9A868 /* ObjcException.m */,
				EDEB49FE2422FD2F00C9A868 /* Calculator-Bridging-Header.h */,
			);
			path = Model;
			sourceTree = "<group>";
		};
		EDEB4A02242353CC00C9A868 /* View */ = {
			isa = PBXGroup;
			children = (
				EDEB49F22422358F00C9A868 /* UIView+Helper.swift */,
				EDEB49D42421FD9600C9A868 /* ViewController.swift */,
				EDEB4A03242353FC00C9A868 /* EditableLabel.swift */,
			);
			path = View;
			sourceTree = "<group>";
		};
/* End PBXGroup section */

/* Begin PBXNativeTarget section */
		EDEB49CC2421FD9600C9A868 /* Calculator */ = {
			isa = PBXNativeTarget;
			buildConfigurationList = EDEB49EC2421FD9800C9A868 /* Build configuration list for PBXNativeTarget "Calculator" */;
			buildPhases = (
				EDEB49C92421FD9600C9A868 /* Sources */,
				EDEB49CA2421FD9600C9A868 /* Frameworks */,
				EDEB49CB2421FD9600C9A868 /* Resources */,
			);
			buildRules = (
			);
			dependencies = (
			);
			name = Calculator;
			productName = Calculator;
			productReference = EDEB49CD2421FD9600C9A868 /* Calculator.app */;
			productType = "com.apple.product-type.application";
		};
		EDEB49E22421FD9800C9A868 /* CalculatorTests */ = {
			isa = PBXNativeTarget;
			buildConfigurationList = EDEB49EF2421FD9800C9A868 /* Build configuration list for PBXNativeTarget "CalculatorTests" */;
			buildPhases = (
				EDEB49DF2421FD9800C9A868 /* Sources */,
				EDEB49E02421FD9800C9A868 /* Frameworks */,
				EDEB49E12421FD9800C9A868 /* Resources */,
			);
			buildRules = (
			);
			dependencies = (
				EDEB49E52421FD9800C9A868 /* PBXTargetDependency */,
			);
			name = CalculatorTests;
			productName = CalculatorTests;
			productReference = EDEB49E32421FD9800C9A868 /* CalculatorTests.xctest */;
			productType = "com.apple.product-type.bundle.unit-test";
		};
/* End PBXNativeTarget section */

/* Begin PBXProject section */
		EDEB49C52421FD9600C9A868 /* Project object */ = {
			isa = PBXProject;
			attributes = {
				LastSwiftUpdateCheck = 1130;
				LastUpgradeCheck = 1130;
				ORGANIZATIONNAME = "Suraj Pathak";
				TargetAttributes = {
					EDEB49CC2421FD9600C9A868 = {
						CreatedOnToolsVersion = 11.3.1;
						LastSwiftMigration = 1130;
					};
					EDEB49E22421FD9800C9A868 = {
						CreatedOnToolsVersion = 11.3.1;
						TestTargetID = EDEB49CC2421FD9600C9A868;
					};
				};
			};
			buildConfigurationList = EDEB49C82421FD9600C9A868 /* Build configuration list for PBXProject "Calculator" */;
			compatibilityVersion = "Xcode 9.3";
			developmentRegion = en;
			hasScannedForEncodings = 0;
			knownRegions = (
				en,
				Base,
			);
			mainGroup = EDEB49C42421FD9600C9A868;
			productRefGroup = EDEB49CE2421FD9600C9A868 /* Products */;
			projectDirPath = "";
			projectRoot = "";
			targets = (
				EDEB49CC2421FD9600C9A868 /* Calculator */,
				EDEB49E22421FD9800C9A868 /* CalculatorTests */,
			);
		};
/* End PBXProject section */

/* Begin PBXResourcesBuildPhase section */
		EDEB49CB2421FD9600C9A868 /* Resources */ = {
			isa = PBXResourcesBuildPhase;
			buildActionMask = 2147483647;
			files = (
				EDEB49DD2421FD9800C9A868 /* LaunchScreen.storyboard in Resources */,
				EDEB49DA2421FD9800C9A868 /* Assets.xcassets in Resources */,
				EDEB49D82421FD9600C9A868 /* Main.storyboard in Resources */,
			);
			runOnlyForDeploymentPostprocessing = 0;
		};
		EDEB49E12421FD9800C9A868 /* Resources */ = {
			isa = PBXResourcesBuildPhase;
			buildActionMask = 2147483647;
			files = (
			);
			runOnlyForDeploymentPostprocessing = 0;
		};
/* End PBXResourcesBuildPhase section */

/* Begin PBXSourcesBuildPhase section */
		EDEB49C92421FD9600C9A868 /* Sources */ = {
			isa = PBXSourcesBuildPhase;
			buildActionMask = 2147483647;
			files = (
				EDEB49D52421FD9600C9A868 /* ViewController.swift in Sources */,
				EDEB49F62422393F00C9A868 /* Calculator.swift in Sources */,
				EDEB4A04242353FC00C9A868 /* EditableLabel.swift in Sources */,
				EDEB49D12421FD9600C9A868 /* AppDelegate.swift in Sources */,
				EDEB4A012422FD2F00C9A868 /* ObjcException.m in Sources */,
				EDEB49F32422358F00C9A868 /* UIView+Helper.swift in Sources */,
			);
			runOnlyForDeploymentPostprocessing = 0;
		};
		EDEB49DF2421FD9800C9A868 /* Sources */ = {
			isa = PBXSourcesBuildPhase;
			buildActionMask = 2147483647;
			files = (
				EDEB49E82421FD9800C9A868 /* CalculatorTests.swift in Sources */,
			);
			runOnlyForDeploymentPostprocessing = 0;
		};
/* End PBXSourcesBuildPhase section */

/* Begin PBXTargetDependency section */
		EDEB49E52421FD9800C9A868 /* PBXTargetDependency */ = {
			isa = PBXTargetDependency;
			target = EDEB49CC2421FD9600C9A868 /* Calculator */;
			targetProxy = EDEB49E42421FD9800C9A868 /* PBXContainerItemProxy */;
		};
/* End PBXTargetDependency section */

/* Begin PBXVariantGroup section */
		EDEB49D62421FD9600C9A868 /* Main.storyboard */ = {
			isa = PBXVariantGroup;
			children = (
				EDEB49D72421FD9600C9A868 /* Base */,
			);
			name = Main.storyboard;
			sourceTree = "<group>";
		};
		EDEB49DB2421FD9800C9A868 /* LaunchScreen.storyboard */ = {
			isa = PBXVariantGroup;
			children = (
				EDEB49DC2421FD9800C9A868 /* Base */,
			);
			name = LaunchScreen.storyboard;
			sourceTree = "<group>";
		};
/* End PBXVariantGroup section */

/* Begin XCBuildConfiguration section */
		EDEB49EA2421FD9800C9A868 /* Debug */ = {
			isa = XCBuildConfiguration;
			buildSettings = {
				ALWAYS_SEARCH_USER_PATHS = NO;
				CLANG_ANALYZER_NONNULL = YES;
				CLANG_ANALYZER_NUMBER_OBJECT_CONVERSION = YES_AGGRESSIVE;
				CLANG_CXX_LANGUAGE_STANDARD = "gnu++14";
				CLANG_CXX_LIBRARY = "libc++";
				CLANG_ENABLE_MODULES = YES;
				CLANG_ENABLE_OBJC_ARC = YES;
				CLANG_ENABLE_OBJC_WEAK = YES;
				CLANG_WARN_BLOCK_CAPTURE_AUTORELEASING = YES;
				CLANG_WARN_BOOL_CONVERSION = YES;
				CLANG_WARN_COMMA = YES;
				CLANG_WARN_CONSTANT_CONVERSION = YES;
				CLANG_WARN_DEPRECATED_OBJC_IMPLEMENTATIONS = YES;
				CLANG_WARN_DIRECT_OBJC_ISA_USAGE = YES_ERROR;
				CLANG_WARN_DOCUMENTATION_COMMENTS = YES;
				CLANG_WARN_EMPTY_BODY = YES;
				CLANG_WARN_ENUM_CONVERSION = YES;
				CLANG_WARN_INFINITE_RECURSION = YES;
				CLANG_WARN_INT_CONVERSION = YES;
				CLANG_WARN_NON_LITERAL_NULL_CONVERSION = YES;
				CLANG_WARN_OBJC_IMPLICIT_RETAIN_SELF = YES;
				CLANG_WARN_OBJC_LITERAL_CONVERSION = YES;
				CLANG_WARN_OBJC_ROOT_CLASS = YES_ERROR;
				CLANG_WARN_RANGE_LOOP_ANALYSIS = YES;
				CLANG_WARN_STRICT_PROTOTYPES = YES;
				CLANG_WARN_SUSPICIOUS_MOVE = YES;
				CLANG_WARN_UNGUARDED_AVAILABILITY = YES_AGGRESSIVE;
				CLANG_WARN_UNREACHABLE_CODE = YES;
				CLANG_WARN__DUPLICATE_METHOD_MATCH = YES;
				COPY_PHASE_STRIP = NO;
				DEBUG_INFORMATION_FORMAT = dwarf;
				ENABLE_STRICT_OBJC_MSGSEND = YES;
				ENABLE_TESTABILITY = YES;
				GCC_C_LANGUAGE_STANDARD = gnu11;
				GCC_DYNAMIC_NO_PIC = NO;
				GCC_NO_COMMON_BLOCKS = YES;
				GCC_OPTIMIZATION_LEVEL = 0;
				GCC_PREPROCESSOR_DEFINITIONS = (
					"DEBUG=1",
					"$(inherited)",
				);
				GCC_WARN_64_TO_32_BIT_CONVERSION = YES;
				GCC_WARN_ABOUT_RETURN_TYPE = YES_ERROR;
				GCC_WARN_UNDECLARED_SELECTOR = YES;
				GCC_WARN_UNINITIALIZED_AUTOS = YES_AGGRESSIVE;
				GCC_WARN_UNUSED_FUNCTION = YES;
				GCC_WARN_UNUSED_VARIABLE = YES;
				IPHONEOS_DEPLOYMENT_TARGET = 13.2;
				MTL_ENABLE_DEBUG_INFO = INCLUDE_SOURCE;
				MTL_FAST_MATH = YES;
				ONLY_ACTIVE_ARCH = YES;
				SDKROOT = iphoneos;
				SWIFT_ACTIVE_COMPILATION_CONDITIONS = DEBUG;
				SWIFT_OPTIMIZATION_LEVEL = "-Onone";
			};
			name = Debug;
		};
		EDEB49EB2421FD9800C9A868 /* Release */ = {
			isa = XCBuildConfiguration;
			buildSettings = {
				ALWAYS_SEARCH_USER_PATHS = NO;
				CLANG_ANALYZER_NONNULL = YES;
				CLANG_ANALYZER_NUMBER_OBJECT_CONVERSION = YES_AGGRESSIVE;
				CLANG_CXX_LANGUAGE_STANDARD = "gnu++14";
				CLANG_CXX_LIBRARY = "libc++";
				CLANG_ENABLE_MODULES = YES;
				CLANG_ENABLE_OBJC_ARC = YES;
				CLANG_ENABLE_OBJC_WEAK = YES;
				CLANG_WARN_BLOCK_CAPTURE_AUTORELEASING = YES;
				CLANG_WARN_BOOL_CONVERSION = YES;
				CLANG_WARN_COMMA = YES;
				CLANG_WARN_CONSTANT_CONVERSION = YES;
				CLANG_WARN_DEPRECATED_OBJC_IMPLEMENTATIONS = YES;
				CLANG_WARN_DIRECT_OBJC_ISA_USAGE = YES_ERROR;
				CLANG_WARN_DOCUMENTATION_COMMENTS = YES;
				CLANG_WARN_EMPTY_BODY = YES;
				CLANG_WARN_ENUM_CONVERSION = YES;
				CLANG_WARN_INFINITE_RECURSION = YES;
				CLANG_WARN_INT_CONVERSION = YES;
				CLANG_WARN_NON_LITERAL_NULL_CONVERSION = YES;
				CLANG_WARN_OBJC_IMPLICIT_RETAIN_SELF = YES;
				CLANG_WARN_OBJC_LITERAL_CONVERSION = YES;
				CLANG_WARN_OBJC_ROOT_CLASS = YES_ERROR;
				CLANG_WARN_RANGE_LOOP_ANALYSIS = YES;
				CLANG_WARN_STRICT_PROTOTYPES = YES;
				CLANG_WARN_SUSPICIOUS_MOVE = YES;
				CLANG_WARN_UNGUARDED_AVAILABILITY = YES_AGGRESSIVE;
				CLANG_WARN_UNREACHABLE_CODE = YES;
				CLANG_WARN__DUPLICATE_METHOD_MATCH = YES;
				COPY_PHASE_STRIP = NO;
				DEBUG_INFORMATION_FORMAT = "dwarf-with-dsym";
				ENABLE_NS_ASSERTIONS = NO;
				ENABLE_STRICT_OBJC_MSGSEND = YES;
				GCC_C_LANGUAGE_STANDARD = gnu11;
				GCC_NO_COMMON_BLOCKS = YES;
				GCC_WARN_64_TO_32_BIT_CONVERSION = YES;
				GCC_WARN_ABOUT_RETURN_TYPE = YES_ERROR;
				GCC_WARN_UNDECLARED_SELECTOR = YES;
				GCC_WARN_UNINITIALIZED_AUTOS = YES_AGGRESSIVE;
				GCC_WARN_UNUSED_FUNCTION = YES;
				GCC_WARN_UNUSED_VARIABLE = YES;
				IPHONEOS_DEPLOYMENT_TARGET = 13.2;
				MTL_ENABLE_DEBUG_INFO = NO;
				MTL_FAST_MATH = YES;
				SDKROOT = iphoneos;
				SWIFT_COMPILATION_MODE = wholemodule;
				SWIFT_OPTIMIZATION_LEVEL = "-O";
				VALIDATE_PRODUCT = YES;
			};
			name = Release;
		};
		EDEB49ED2421FD9800C9A868 /* Debug */ = {
			isa = XCBuildConfiguration;
			buildSettings = {
				ASSETCATALOG_COMPILER_APPICON_NAME = AppIcon;
				CLANG_ENABLE_MODULES = YES;
				CODE_SIGN_STYLE = Automatic;
				DEFINES_MODULE = YES;
				DEVELOPMENT_TEAM = 74HVZ53TRR;
				INFOPLIST_FILE = Calculator/Info.plist;
				LD_RUNPATH_SEARCH_PATHS = (
					"$(inherited)",
					"@executable_path/Frameworks",
				);
				PRODUCT_BUNDLE_IDENTIFIER = com.suraj.Calculator;
				PRODUCT_NAME = "$(TARGET_NAME)";
				SWIFT_OBJC_BRIDGING_HEADER = "Calculator/Model/Calculator-Bridging-Header.h";
				SWIFT_OPTIMIZATION_LEVEL = "-Onone";
				SWIFT_PRECOMPILE_BRIDGING_HEADER = NO;
				SWIFT_VERSION = 5.0;
				TARGETED_DEVICE_FAMILY = "1,2";
			};
			name = Debug;
		};
		EDEB49EE2421FD9800C9A868 /* Release */ = {
			isa = XCBuildConfiguration;
			buildSettings = {
				ASSETCATALOG_COMPILER_APPICON_NAME = AppIcon;
				CLANG_ENABLE_MODULES = YES;
				CODE_SIGN_STYLE = Automatic;
				DEFINES_MODULE = YES;
				DEVELOPMENT_TEAM = 74HVZ53TRR;
				INFOPLIST_FILE = Calculator/Info.plist;
				LD_RUNPATH_SEARCH_PATHS = (
					"$(inherited)",
					"@executable_path/Frameworks",
				);
				PRODUCT_BUNDLE_IDENTIFIER = com.suraj.Calculator;
				PRODUCT_NAME = "$(TARGET_NAME)";
				SWIFT_OBJC_BRIDGING_HEADER = "Calculator/Model/Calculator-Bridging-Header.h";
				SWIFT_PRECOMPILE_BRIDGING_HEADER = NO;
				SWIFT_VERSION = 5.0;
				TARGETED_DEVICE_FAMILY = "1,2";
			};
			name = Release;
		};
		EDEB49F02421FD9800C9A868 /* Debug */ = {
			isa = XCBuildConfiguration;
			buildSettings = {
				ALWAYS_EMBED_SWIFT_STANDARD_LIBRARIES = YES;
				BUNDLE_LOADER = "$(TEST_HOST)";
				CODE_SIGN_STYLE = Automatic;
				DEVELOPMENT_TEAM = 74HVZ53TRR;
				INFOPLIST_FILE = CalculatorTests/Info.plist;
				IPHONEOS_DEPLOYMENT_TARGET = 13.2;
				LD_RUNPATH_SEARCH_PATHS = (
					"$(inherited)",
					"@executable_path/Frameworks",
					"@loader_path/Frameworks",
				);
				PRODUCT_BUNDLE_IDENTIFIER = com.suraj.CalculatorTests;
				PRODUCT_NAME = "$(TARGET_NAME)";
				SWIFT_VERSION = 5.0;
				TARGETED_DEVICE_FAMILY = "1,2";
				TEST_HOST = "$(BUILT_PRODUCTS_DIR)/Calculator.app/Calculator";
			};
			name = Debug;
		};
		EDEB49F12421FD9800C9A868 /* Release */ = {
			isa = XCBuildConfiguration;
			buildSettings = {
				ALWAYS_EMBED_SWIFT_STANDARD_LIBRARIES = YES;
				BUNDLE_LOADER = "$(TEST_HOST)";
				CODE_SIGN_STYLE = Automatic;
				DEVELOPMENT_TEAM = 74HVZ53TRR;
				INFOPLIST_FILE = CalculatorTests/Info.plist;
				IPHONEOS_DEPLOYMENT_TARGET = 13.2;
				LD_RUNPATH_SEARCH_PATHS = (
					"$(inherited)",
					"@executable_path/Frameworks",
					"@loader_path/Frameworks",
				);
				PRODUCT_BUNDLE_IDENTIFIER = com.suraj.CalculatorTests;
				PRODUCT_NAME = "$(TARGET_NAME)";
				SWIFT_VERSION = 5.0;
				TARGETED_DEVICE_FAMILY = "1,2";
				TEST_HOST = "$(BUILT_PRODUCTS_DIR)/Calculator.app/Calculator";
			};
			name = Release;
		};
/* End XCBuildConfiguration section */

/* Begin XCConfigurationList section */
		EDEB49C82421FD9600C9A868 /* Build configuration list for PBXProject "Calculator" */ = {
			isa = XCConfigurationList;
			buildConfigurations = (
				EDEB49EA2421FD9800C9A868 /* Debug */,
				EDEB49EB2421FD9800C9A868 /* Release */,
			);
			defaultConfigurationIsVisible = 0;
			defaultConfigurationName = Release;
		};
		EDEB49EC2421FD9800C9A868 /* Build configuration list for PBXNativeTarget "Calculator" */ = {
			isa = XCConfigurationList;
			buildConfigurations = (
				EDEB49ED2421FD9800C9A868 /* Debug */,
				EDEB49EE2421FD9800C9A868 /* Release */,
			);
			defaultConfigurationIsVisible = 0;
			defaultConfigurationName = Release;
		};
		EDEB49EF2421FD9800C9A868 /* Build configuration list for PBXNativeTarget "CalculatorTests" */ = {
			isa = XCConfigurationList;
			buildConfigurations = (
				EDEB49F02421FD9800C9A868 /* Debug */,
				EDEB49F12421FD9800C9A868 /* Release */,
			);
			defaultConfigurationIsVisible = 0;
			defaultConfigurationName = Release;
		};
/* End XCConfigurationList section */
	};
	rootObject = EDEB49C52421FD9600C9A868 /* Project object */;
}
